{
    "version": 3,
    "terraform_version": "0.9.11",
    "serial": 4,
    "lineage": "55df3471-7c09-40e3-91f4-504e81fc6a9c",
    "modules": [
        {
            "path": [
                "root"
            ],
            "outputs": {},
            "resources": {
                "azurerm_managed_disk.dev-disk-A-1": {
                    "type": "azurerm_managed_disk",
                    "depends_on": [
                        "azurerm_resource_group.dev-res-1"
                    ],
                    "primary": {
                        "id": "/subscriptions/4a30780b-23cd-4472-9f01-48473590a8a7/resourceGroups/Dev-Res-1/providers/Microsoft.Compute/disks/datadisk_A_1",
                        "attributes": {
                            "create_option": "Empty",
                            "disk_size_gb": "10",
                            "id": "/subscriptions/4a30780b-23cd-4472-9f01-48473590a8a7/resourceGroups/Dev-Res-1/providers/Microsoft.Compute/disks/datadisk_A_1",
                            "location": "uksouth",
                            "name": "datadisk_A_1",
                            "resource_group_name": "Dev-Res-1",
                            "storage_account_type": "Standard_LRS",
                            "tags.%": "0"
                        },
                        "meta": {},
                        "tainted": false
                    },
                    "deposed": [],
                    "provider": ""
                },
                "azurerm_network_interface.dev-int-01": {
                    "type": "azurerm_network_interface",
                    "depends_on": [
                        "azurerm_public_ip.dev-public-ip",
                        "azurerm_resource_group.dev-res-1",
                        "azurerm_subnet.dev-subnet"
                    ],
                    "primary": {
                        "id": "/subscriptions/4a30780b-23cd-4472-9f01-48473590a8a7/resourceGroups/Dev-Res-1/providers/Microsoft.Network/networkInterfaces/devint01",
                        "attributes": {
                            "applied_dns_servers.#": "0",
                            "dns_servers.#": "0",
                            "enable_ip_forwarding": "false",
                            "id": "/subscriptions/4a30780b-23cd-4472-9f01-48473590a8a7/resourceGroups/Dev-Res-1/providers/Microsoft.Network/networkInterfaces/devint01",
                            "ip_configuration.#": "1",
                            "ip_configuration.3649785381.load_balancer_backend_address_pools_ids.#": "0",
                            "ip_configuration.3649785381.load_balancer_inbound_nat_rules_ids.#": "0",
                            "ip_configuration.3649785381.name": "dev-int-01-ip",
                            "ip_configuration.3649785381.private_ip_address": "",
                            "ip_configuration.3649785381.private_ip_address_allocation": "dynamic",
                            "ip_configuration.3649785381.public_ip_address_id": "/subscriptions/4a30780b-23cd-4472-9f01-48473590a8a7/resourceGroups/Dev-Res-1/providers/Microsoft.Network/publicIPAddresses/dev-public-ip",
                            "ip_configuration.3649785381.subnet_id": "/subscriptions/4a30780b-23cd-4472-9f01-48473590a8a7/resourceGroups/Dev-Res-1/providers/Microsoft.Network/virtualNetworks/devvn/subnets/devsb",
                            "location": "uksouth",
                            "mac_address": "00-22-48-01-B8-BF",
                            "name": "devint01",
                            "private_ip_address": "10.0.2.4",
                            "resource_group_name": "Dev-Res-1",
                            "tags.%": "0",
                            "virtual_machine_id": "/subscriptions/4a30780b-23cd-4472-9f01-48473590a8a7/resourceGroups/Dev-Res-1/providers/Microsoft.Compute/virtualMachines/dev-vm-A"
                        },
                        "meta": {},
                        "tainted": false
                    },
                    "deposed": [],
                    "provider": ""
                },
                "azurerm_public_ip.dev-public-ip": {
                    "type": "azurerm_public_ip",
                    "depends_on": [
                        "azurerm_resource_group.dev-res-1"
                    ],
                    "primary": {
                        "id": "/subscriptions/4a30780b-23cd-4472-9f01-48473590a8a7/resourceGroups/Dev-Res-1/providers/Microsoft.Network/publicIPAddresses/dev-public-ip",
                        "attributes": {
                            "id": "/subscriptions/4a30780b-23cd-4472-9f01-48473590a8a7/resourceGroups/Dev-Res-1/providers/Microsoft.Network/publicIPAddresses/dev-public-ip",
                            "ip_address": "51.140.117.20",
                            "location": "uksouth",
                            "name": "dev-public-ip",
                            "public_ip_address_allocation": "static",
                            "resource_group_name": "Dev-Res-1",
                            "tags.%": "1",
                            "tags.environment": "Production"
                        },
                        "meta": {},
                        "tainted": false
                    },
                    "deposed": [],
                    "provider": ""
                },
                "azurerm_resource_group.dev-res-1": {
                    "type": "azurerm_resource_group",
                    "depends_on": [],
                    "primary": {
                        "id": "/subscriptions/4a30780b-23cd-4472-9f01-48473590a8a7/resourceGroups/Dev-Res-1",
                        "attributes": {
                            "id": "/subscriptions/4a30780b-23cd-4472-9f01-48473590a8a7/resourceGroups/Dev-Res-1",
                            "location": "uksouth",
                            "name": "Dev-Res-1",
                            "tags.%": "1",
                            "tags.environment": "Dev"
                        },
                        "meta": {},
                        "tainted": false
                    },
                    "deposed": [],
                    "provider": ""
                },
                "azurerm_subnet.dev-subnet": {
                    "type": "azurerm_subnet",
                    "depends_on": [
                        "azurerm_resource_group.dev-res-1",
                        "azurerm_virtual_network.dev-vnet"
                    ],
                    "primary": {
                        "id": "/subscriptions/4a30780b-23cd-4472-9f01-48473590a8a7/resourceGroups/Dev-Res-1/providers/Microsoft.Network/virtualNetworks/devvn/subnets/devsb",
                        "attributes": {
                            "address_prefix": "10.0.2.0/24",
                            "id": "/subscriptions/4a30780b-23cd-4472-9f01-48473590a8a7/resourceGroups/Dev-Res-1/providers/Microsoft.Network/virtualNetworks/devvn/subnets/devsb",
                            "ip_configurations.#": "1",
                            "ip_configurations.1071593359": "/subscriptions/4a30780b-23cd-4472-9f01-48473590a8a7/resourceGroups/Dev-Res-1/providers/Microsoft.Network/networkInterfaces/devint01/ipConfigurations/dev-int-01-ip",
                            "name": "devsb",
                            "resource_group_name": "Dev-Res-1",
                            "virtual_network_name": "devvn"
                        },
                        "meta": {},
                        "tainted": false
                    },
                    "deposed": [],
                    "provider": ""
                },
                "azurerm_virtual_machine.dev-vm-A": {
                    "type": "azurerm_virtual_machine",
                    "depends_on": [
                        "azurerm_managed_disk.dev-disk-A-1",
                        "azurerm_network_interface.dev-int-01",
                        "azurerm_resource_group.dev-res-1"
                    ],
                    "primary": {
                        "id": "/subscriptions/4a30780b-23cd-4472-9f01-48473590a8a7/resourceGroups/Dev-Res-1/providers/Microsoft.Compute/virtualMachines/dev-vm-A",
                        "attributes": {
                            "delete_data_disks_on_termination": "false",
                            "delete_os_disk_on_termination": "false",
                            "id": "/subscriptions/4a30780b-23cd-4472-9f01-48473590a8a7/resourceGroups/Dev-Res-1/providers/Microsoft.Compute/virtualMachines/dev-vm-A",
                            "location": "uksouth",
                            "name": "dev-vm-A",
                            "network_interface_ids.#": "1",
                            "network_interface_ids.842626637": "/subscriptions/4a30780b-23cd-4472-9f01-48473590a8a7/resourceGroups/Dev-Res-1/providers/Microsoft.Network/networkInterfaces/devint01",
                            "os_profile.#": "1",
                            "os_profile.1680255798.admin_password": "",
                            "os_profile.1680255798.admin_username": "lg",
                            "os_profile.1680255798.computer_name": "lg-dev-1",
                            "os_profile.1680255798.custom_data": "",
                            "os_profile_linux_config.#": "1",
                            "os_profile_linux_config.2972667452.disable_password_authentication": "false",
                            "os_profile_linux_config.2972667452.ssh_keys.#": "0",
                            "os_profile_secrets.#": "0",
                            "resource_group_name": "Dev-Res-1",
                            "storage_data_disk.#": "2",
                            "storage_data_disk.0.caching": "None",
                            "storage_data_disk.0.create_option": "Empty",
                            "storage_data_disk.0.disk_size_gb": "1023",
                            "storage_data_disk.0.lun": "0",
                            "storage_data_disk.0.managed_disk_id": "/subscriptions/4a30780b-23cd-4472-9f01-48473590a8a7/resourceGroups/Dev-Res-1/providers/Microsoft.Compute/disks/datadisk_new",
                            "storage_data_disk.0.managed_disk_type": "Standard_LRS",
                            "storage_data_disk.0.name": "datadisk_new",
                            "storage_data_disk.0.vhd_uri": "",
                            "storage_data_disk.1.caching": "None",
                            "storage_data_disk.1.create_option": "Attach",
                            "storage_data_disk.1.disk_size_gb": "10",
                            "storage_data_disk.1.lun": "1",
                            "storage_data_disk.1.managed_disk_id": "/subscriptions/4a30780b-23cd-4472-9f01-48473590a8a7/resourceGroups/Dev-Res-1/providers/Microsoft.Compute/disks/datadisk_A_1",
                            "storage_data_disk.1.managed_disk_type": "Standard_LRS",
                            "storage_data_disk.1.name": "datadisk_A_1",
                            "storage_data_disk.1.vhd_uri": "",
                            "storage_image_reference.#": "1",
                            "storage_image_reference.1807630748.offer": "UbuntuServer",
                            "storage_image_reference.1807630748.publisher": "Canonical",
                            "storage_image_reference.1807630748.sku": "14.04.2-LTS",
                            "storage_image_reference.1807630748.version": "latest",
                            "storage_os_disk.#": "1",
                            "storage_os_disk.429214147.caching": "ReadWrite",
                            "storage_os_disk.429214147.create_option": "FromImage",
                            "storage_os_disk.429214147.disk_size_gb": "30",
                            "storage_os_disk.429214147.image_uri": "",
                            "storage_os_disk.429214147.managed_disk_id": "/subscriptions/4a30780b-23cd-4472-9f01-48473590a8a7/resourceGroups/Dev-Res-1/providers/Microsoft.Compute/disks/myosdisk1",
                            "storage_os_disk.429214147.managed_disk_type": "Standard_LRS",
                            "storage_os_disk.429214147.name": "myosdisk1",
                            "storage_os_disk.429214147.os_type": "",
                            "storage_os_disk.429214147.vhd_uri": "",
                            "tags.%": "1",
                            "tags.environment": "staging",
                            "vm_size": "Standard_DS1_v2"
                        },
                        "meta": {},
                        "tainted": false
                    },
                    "deposed": [],
                    "provider": ""
                },
                "azurerm_virtual_network.dev-vnet": {
                    "type": "azurerm_virtual_network",
                    "depends_on": [
                        "azurerm_resource_group.dev-res-1"
                    ],
                    "primary": {
                        "id": "/subscriptions/4a30780b-23cd-4472-9f01-48473590a8a7/resourceGroups/Dev-Res-1/providers/Microsoft.Network/virtualNetworks/devvn",
                        "attributes": {
                            "address_space.#": "1",
                            "address_space.0": "10.0.0.0/16",
                            "dns_servers.#": "0",
                            "id": "/subscriptions/4a30780b-23cd-4472-9f01-48473590a8a7/resourceGroups/Dev-Res-1/providers/Microsoft.Network/virtualNetworks/devvn",
                            "location": "uksouth",
                            "name": "devvn",
                            "resource_group_name": "Dev-Res-1",
                            "subnet.#": "1",
                            "subnet.1214143233.address_prefix": "10.0.2.0/24",
                            "subnet.1214143233.name": "devsb",
                            "subnet.1214143233.security_group": "",
                            "tags.%": "0"
                        },
                        "meta": {},
                        "tainted": false
                    },
                    "deposed": [],
                    "provider": ""
                }
            },
            "depends_on": []
        }
    ]
}
